
Microsoft Visual Studio Solution File, Format Version 12.00
# Visual Studio Version 16
VisualStudioVersion = 16.0.30406.217
MinimumVisualStudioVersion = 10.0.40219.1
Project("{9A19103F-16F7-4668-BE54-9A1E7A4F7556}") = "ConfigReader.Console", "ConfigReader.Console\ConfigReader.Console.csproj", "{0921004D-7CAA-4CB2-92EE-50224E37AFE0}"
EndProject
Project("{FAE04EC0-301F-11D3-BF4B-00C04F79EFBC}") = "ConfigReader.Interfaces", "ConfigReader.Interfaces\ConfigReader.Interfaces.csproj", "{8B043E97-F89C-4F1F-82E6-7C895E4DAD69}"
EndProject
Project("{FAE04EC0-301F-11D3-BF4B-00C04F79EFBC}") = "ConfigReader.Tests", "ConfigReader.Tests\ConfigReader.Tests.csproj", "{39953454-C0A7-4958-A26A-C7C910134EBF}"
EndProject
Global
	GlobalSection(SolutionConfigurationPlatforms) = preSolution
		Debug|Any CPU = Debug|Any CPU
		Release|Any CPU = Release|Any CPU
	EndGlobalSection
	GlobalSection(ProjectConfigurationPlatforms) = postSolution
		{0921004D-7CAA-4CB2-92EE-50224E37AFE0}.Debug|Any CPU.ActiveCfg = Debug|Any CPU
		{0921004D-7CAA-4CB2-92EE-50224E37AFE0}.Debug|Any CPU.Build.0 = Debug|Any CPU
		{0921004D-7CAA-4CB2-92EE-50224E37AFE0}.Release|Any CPU.ActiveCfg = Release|Any CPU
		{0921004D-7CAA-4CB2-92EE-50224E37AFE0}.Release|Any CPU.Build.0 = Release|Any CPU
		{8B043E97-F89C-4F1F-82E6-7C895E4DAD69}.Debug|Any CPU.ActiveCfg = Debug|Any CPU
		{8B043E97-F89C-4F1F-82E6-7C895E4DAD69}.Debug|Any CPU.Build.0 = Debug|Any CPU
		{8B043E97-F89C-4F1F-82E6-7C895E4DAD69}.Release|Any CPU.ActiveCfg = Release|Any CPU
		{8B043E97-F89C-4F1F-82E6-7C895E4DAD69}.Release|Any CPU.Build.0 = Release|Any CPU
		{39953454-C0A7-4958-A26A-C7C910134EBF}.Debug|Any CPU.ActiveCfg = Debug|Any CPU
		{39953454-C0A7-4958-A26A-C7C910134EBF}.Debug|Any CPU.Build.0 = Debug|Any CPU
		{39953454-C0A7-4958-A26A-C7C910134EBF}.Release|Any CPU.ActiveCfg = Release|Any CPU
		{39953454-C0A7-4958-A26A-C7C910134EBF}.Release|Any CPU.Build.0 = Release|Any CPU
	EndGlobalSection
	GlobalSection(SolutionProperties) = preSolution
		HideSolutionNode = FALSE
	EndGlobalSection
	GlobalSection(ExtensibilityGlobals) = postSolution
		SolutionGuid = {7C744CA4-1758-419A-84BB-7E64D33F7C8E}
	EndGlobalSection
EndGlobal
